# This file is automatically @generated by Poetry 2.1.4 and should not be changed by hand.

[[package]]
name = "exifread"
version = "3.5.1"
description = "Library to extract Exif information from digital camera image files."
optional = false
python-versions = ">=3.7"
groups = ["main"]
files = [
    {file = "exifread-3.5.1-py3-none-any.whl", hash = "sha256:e5426ce2857423ad401e575ea9d159dc97449dc041fb6e61b35109caea72c311"},
    {file = "exifread-3.5.1.tar.gz", hash = "sha256:9f998f80d3062741c976dfc4fd033424bc40932937994e4d2181eb70c4b6aedd"},
]

[package.extras]
dev = ["build (>=1.0,<2.0)", "pre-commit (>=2.21,<3.0)", "pylint (>=3.1,<4.0)"]
test = ["pytest (>=7.4,<8.0)"]

[metadata]
lock-version = "2.1"
python-versions = ">=3.12"
content-hash = "68eec9b8c39b63c793e10798f2ec99ed3ba1d36b067bf48692269f2ff0857bdc"
